
Microsoft Visual Studio Solution File, Format Version 12.00
# Visual Studio Version 17
VisualStudioVersion = 17.14.37111.16 d17.14
MinimumVisualStudioVersion = 10.0.40219.1
Project("{FAE04EC0-301F-11D3-BF4B-00C04F79EFBC}") = "Assessment 8", "Assessment 8\Assessment 8.csproj", "{90F8BA80-DEBC-4823-B75E-778CDCF577DE}"
EndProject
Global
	GlobalSection(SolutionConfigurationPlatforms) = preSolution
		Debug|Any CPU = Debug|Any CPU
		Release|Any CPU = Release|Any CPU
	EndGlobalSection
	GlobalSection(ProjectConfigurationPlatforms) = postSolution
		{90F8BA80-DEBC-4823-B75E-778CDCF577DE}.Debug|Any CPU.ActiveCfg = Debug|Any CPU
		{90F8BA80-DEBC-4823-B75E-778CDCF577DE}.Debug|Any CPU.Build.0 = Debug|Any CPU
		{90F8BA80-DEBC-4823-B75E-778CDCF577DE}.Release|Any CPU.ActiveCfg = Release|Any CPU
		{90F8BA80-DEBC-4823-B75E-778CDCF577DE}.Release|Any CPU.Build.0 = Release|Any CPU
	EndGlobalSection
	GlobalSection(SolutionProperties) = preSolution
		HideSolutionNode = FALSE
	EndGlobalSection
	GlobalSection(ExtensibilityGlobals) = postSolution
		SolutionGuid = {9E828826-FE9C-41D1-BC85-D829E2FF0D45}
	EndGlobalSection
EndGlobal
