
Microsoft Visual Studio Solution File, Format Version 12.00
# Visual Studio Version 17
VisualStudioVersion = 17.14.37111.16 d17.14
MinimumVisualStudioVersion = 10.0.40219.1
Project("{FAE04EC0-301F-11D3-BF4B-00C04F79EFBC}") = "Assessment 2", "Assessment 2\Assessment 2.csproj", "{D5C1874A-4574-47B0-97E1-5A662EE066B1}"
EndProject
Global
	GlobalSection(SolutionConfigurationPlatforms) = preSolution
		Debug|Any CPU = Debug|Any CPU
		Release|Any CPU = Release|Any CPU
	EndGlobalSection
	GlobalSection(ProjectConfigurationPlatforms) = postSolution
		{D5C1874A-4574-47B0-97E1-5A662EE066B1}.Debug|Any CPU.ActiveCfg = Debug|Any CPU
		{D5C1874A-4574-47B0-97E1-5A662EE066B1}.Debug|Any CPU.Build.0 = Debug|Any CPU
		{D5C1874A-4574-47B0-97E1-5A662EE066B1}.Release|Any CPU.ActiveCfg = Release|Any CPU
		{D5C1874A-4574-47B0-97E1-5A662EE066B1}.Release|Any CPU.Build.0 = Release|Any CPU
	EndGlobalSection
	GlobalSection(SolutionProperties) = preSolution
		HideSolutionNode = FALSE
	EndGlobalSection
	GlobalSection(ExtensibilityGlobals) = postSolution
		SolutionGuid = {3C826460-2EB5-4823-BBDF-E9CBB844AC23}
	EndGlobalSection
EndGlobal
