
Microsoft Visual Studio Solution File, Format Version 12.00
# Visual Studio Version 17
VisualStudioVersion = 17.14.37111.16 d17.14
MinimumVisualStudioVersion = 10.0.40219.1
Project("{FAE04EC0-301F-11D3-BF4B-00C04F79EFBC}") = "Day 4 Hands on", "Day 4 Hands on\Day 4 Hands on.csproj", "{3379D303-42C3-4824-9CBA-474EB838E885}"
EndProject
Global
	GlobalSection(SolutionConfigurationPlatforms) = preSolution
		Debug|Any CPU = Debug|Any CPU
		Release|Any CPU = Release|Any CPU
	EndGlobalSection
	GlobalSection(ProjectConfigurationPlatforms) = postSolution
		{3379D303-42C3-4824-9CBA-474EB838E885}.Debug|Any CPU.ActiveCfg = Debug|Any CPU
		{3379D303-42C3-4824-9CBA-474EB838E885}.Debug|Any CPU.Build.0 = Debug|Any CPU
		{3379D303-42C3-4824-9CBA-474EB838E885}.Release|Any CPU.ActiveCfg = Release|Any CPU
		{3379D303-42C3-4824-9CBA-474EB838E885}.Release|Any CPU.Build.0 = Release|Any CPU
	EndGlobalSection
	GlobalSection(SolutionProperties) = preSolution
		HideSolutionNode = FALSE
	EndGlobalSection
	GlobalSection(ExtensibilityGlobals) = postSolution
		SolutionGuid = {EFC6C4A1-A9DE-4A3B-BDB7-275FC6837883}
	EndGlobalSection
EndGlobal
