
Microsoft Visual Studio Solution File, Format Version 12.00
# Visual Studio Version 17
VisualStudioVersion = 17.14.37111.16 d17.14
MinimumVisualStudioVersion = 10.0.40219.1
Project("{FAE04EC0-301F-11D3-BF4B-00C04F79EFBC}") = "Assignment 2(WebTechnologies)", "Assignment 2(WebTechnologies)\Assignment 2(WebTechnologies).csproj", "{F4B22F85-AEC5-42F4-BAC0-AD6120D1260E}"
EndProject
Global
	GlobalSection(SolutionConfigurationPlatforms) = preSolution
		Debug|Any CPU = Debug|Any CPU
		Release|Any CPU = Release|Any CPU
	EndGlobalSection
	GlobalSection(ProjectConfigurationPlatforms) = postSolution
		{F4B22F85-AEC5-42F4-BAC0-AD6120D1260E}.Debug|Any CPU.ActiveCfg = Debug|Any CPU
		{F4B22F85-AEC5-42F4-BAC0-AD6120D1260E}.Debug|Any CPU.Build.0 = Debug|Any CPU
		{F4B22F85-AEC5-42F4-BAC0-AD6120D1260E}.Release|Any CPU.ActiveCfg = Release|Any CPU
		{F4B22F85-AEC5-42F4-BAC0-AD6120D1260E}.Release|Any CPU.Build.0 = Release|Any CPU
	EndGlobalSection
	GlobalSection(SolutionProperties) = preSolution
		HideSolutionNode = FALSE
	EndGlobalSection
	GlobalSection(ExtensibilityGlobals) = postSolution
		SolutionGuid = {881A6FBA-C7E2-4203-BE5E-475664EEEB15}
	EndGlobalSection
EndGlobal
